
Microsoft Visual Studio Solution File, Format Version 12.00
# Visual Studio Version 16
VisualStudioVersion = 16.0.30611.23
MinimumVisualStudioVersion = 10.0.40219.1
Project("{FAE04EC0-301F-11D3-BF4B-00C04F79EFBC}") = "uadeegonline", "uadeegonline\uadeegonline.csproj", "{6D243560-4584-4E22-AE8A-310DFB72C20B}"
EndProject
Global
	GlobalSection(SolutionConfigurationPlatforms) = preSolution
		Debug|Any CPU = Debug|Any CPU
		Release|Any CPU = Release|Any CPU
	EndGlobalSection
	GlobalSection(ProjectConfigurationPlatforms) = postSolution
		{6D243560-4584-4E22-AE8A-310DFB72C20B}.Debug|Any CPU.ActiveCfg = Debug|Any CPU
		{6D243560-4584-4E22-AE8A-310DFB72C20B}.Debug|Any CPU.Build.0 = Debug|Any CPU
		{6D243560-4584-4E22-AE8A-310DFB72C20B}.Release|Any CPU.ActiveCfg = Release|Any CPU
		{6D243560-4584-4E22-AE8A-310DFB72C20B}.Release|Any CPU.Build.0 = Release|Any CPU
	EndGlobalSection
	GlobalSection(SolutionProperties) = preSolution
		HideSolutionNode = FALSE
	EndGlobalSection
	GlobalSection(ExtensibilityGlobals) = postSolution
		SolutionGuid = {04363BE2-F936-4184-B944-4329518797C6}
	EndGlobalSection
EndGlobal
